
Microsoft Visual Studio Solution File, Format Version 12.00
# Visual Studio Version 16
VisualStudioVersion = 16.0.29905.134
MinimumVisualStudioVersion = 10.0.40219.1
Project("{FAE04EC0-301F-11D3-BF4B-00C04F79EFBC}") = "SQLTrainApp", "SQLTrainApp\SQLTrainApp.csproj", "{FF11488E-488D-4158-A479-4D6E236E0652}"
EndProject
Project("{FAE04EC0-301F-11D3-BF4B-00C04F79EFBC}") = "TrainSQL_DAL", "..\TrainSQL_DAL\TrainSQL_DAL.csproj", "{326EB372-CCB5-4DC4-B4A8-5E5721DE6DFF}"
EndProject
Global
	GlobalSection(SolutionConfigurationPlatforms) = preSolution
		Debug|Any CPU = Debug|Any CPU
		Release|Any CPU = Release|Any CPU
	EndGlobalSection
	GlobalSection(ProjectConfigurationPlatforms) = postSolution
		{FF11488E-488D-4158-A479-4D6E236E0652}.Debug|Any CPU.ActiveCfg = Debug|Any CPU
		{FF11488E-488D-4158-A479-4D6E236E0652}.Debug|Any CPU.Build.0 = Debug|Any CPU
		{FF11488E-488D-4158-A479-4D6E236E0652}.Release|Any CPU.ActiveCfg = Release|Any CPU
		{FF11488E-488D-4158-A479-4D6E236E0652}.Release|Any CPU.Build.0 = Release|Any CPU
		{326EB372-CCB5-4DC4-B4A8-5E5721DE6DFF}.Debug|Any CPU.ActiveCfg = Debug|Any CPU
		{326EB372-CCB5-4DC4-B4A8-5E5721DE6DFF}.Debug|Any CPU.Build.0 = Debug|Any CPU
		{326EB372-CCB5-4DC4-B4A8-5E5721DE6DFF}.Release|Any CPU.ActiveCfg = Release|Any CPU
		{326EB372-CCB5-4DC4-B4A8-5E5721DE6DFF}.Release|Any CPU.Build.0 = Release|Any CPU
	EndGlobalSection
	GlobalSection(SolutionProperties) = preSolution
		HideSolutionNode = FALSE
	EndGlobalSection
	GlobalSection(ExtensibilityGlobals) = postSolution
		SolutionGuid = {A6584565-C71B-4943-8EA7-E49E1C9C0F2D}
	EndGlobalSection
EndGlobal
